// !$*UTF8*$!
{
	archiveVersion = 1;
	classes = {
	};
	objectVersion = 46;
	objects = {

/* Begin PBXBuildFile section */
		8A8BB1B71F629B3B00C99CE1 /* AppDelegate.swift in Sources */ = {isa = PBXBuildFile; fileRef = 8A8BB1B61F629B3B00C99CE1 /* AppDelegate.swift */; };
		8A8BB1B91F629B3B00C99CE1 /* ViewController.swift in Sources */ = {isa = PBXBuildFile; fileRef = 8A8BB1B81F629B3B00C99CE1 /* ViewController.swift */; };
		8A8BB1BC1F629B3B00C99CE1 /* Main.storyboard in Resources */ = {isa = PBXBuildFile; fileRef = 8A8BB1BA1F629B3B00C99CE1 /* Main.storyboard */; };
		8A8BB1BE1F629B3B00C99CE1 /* Assets.xcassets in Resources */ = {isa = PBXBuildFile; fileRef = 8A8BB1BD1F629B3B00C99CE1 /* Assets.xcassets */; };
		8A8BB1C11F629B3B00C99CE1 /* LaunchScreen.storyboard in Resources */ = {isa = PBXBuildFile; fileRef = 8A8BB1BF1F629B3B00C99CE1 /* LaunchScreen.storyboard */; };
		8A8BB1C91F629B7700C99CE1 /* TableViewController.swift in Sources */ = {isa = PBXBuildFile; fileRef = 8A8BB1C81F629B7700C99CE1 /* TableViewController.swift */; };
		8A8BB1CB1F629DF000C99CE1 /* TablePageDelegate.swift in Sources */ = {isa = PBXBuildFile; fileRef = 8A8BB1CA1F629DF000C99CE1 /* TablePageDelegate.swift */; };
/* End PBXBuildFile section */

/* Begin PBXFileReference section */
		8A8BB1B31F629B3B00C99CE1 /* DelegateDemo.app */ = {isa = PBXFileReference; explicitFileType = wrapper.application; includeInIndex = 0; path = DelegateDemo.app; sourceTree = BUILT_PRODUCTS_DIR; };
		8A8BB1B61F629B3B00C99CE1 /* AppDelegate.swift */ = {isa = PBXFileReference; lastKnownFileType = sourcecode.swift; path = AppDelegate.swift; sourceTree = "<group>"; };
		8A8BB1B81F629B3B00C99CE1 /* ViewController.swift */ = {isa = PBXFileReference; lastKnownFileType = sourcecode.swift; path = ViewController.swift; sourceTree = "<group>"; };
		8A8BB1BB1F629B3B00C99CE1 /* Base */ = {isa = PBXFileReference; lastKnownFileType = file.storyboard; name = Base; path = Base.lproj/Main.storyboard; sourceTree = "<group>"; };
		8A8BB1BD1F629B3B00C99CE1 /* Assets.xcassets */ = {isa = PBXFileReference; lastKnownFileType = folder.assetcatalog; path = Assets.xcassets; sourceTree = "<group>"; };
		8A8BB1C01F629B3B00C99CE1 /* Base */ = {isa = PBXFileReference; lastKnownFileType = file.storyboard; name = Base; path = Base.lproj/LaunchScreen.storyboard; sourceTree = "<group>"; };
		8A8BB1C21F629B3B00C99CE1 /* Info.plist */ = {isa = PBXFileReference; lastKnownFileType = text.plist.xml; path = Info.plist; sourceTree = "<group>"; };
		8A8BB1C81F629B7700C99CE1 /* TableViewController.swift */ = {isa = PBXFileReference; fileEncoding = 4; lastKnownFileType = sourcecode.swift; path = TableViewController.swift; sourceTree = "<group>"; };
		8A8BB1CA1F629DF000C99CE1 /* TablePageDelegate.swift */ = {isa = PBXFileReference; fileEncoding = 4; lastKnownFileType = sourcecode.swift; path = TablePageDelegate.swift; sourceTree = "<group>"; };
/* End PBXFileReference section */

/* Begin PBXFrameworksBuildPhase section */
		8A8BB1B01F629B3B00C99CE1 /* Frameworks */ = {
			isa = PBXFrameworksBuildPhase;
			buildActionMask = 2147483647;
			files = (
			);
			runOnlyForDeploymentPostprocessing = 0;
		};
/* End PBXFrameworksBuildPhase section */

/* Begin PBXGroup section */
		8A8BB1AA1F629B3B00C99CE1 = {
			isa = PBXGroup;
			children = (
				8A8BB1B51F629B3B00C99CE1 /* DelegateDemo */,
				8A8BB1B41F629B3B00C99CE1 /* Products */,
			);
			sourceTree = "<group>";
		};
		8A8BB1B41F629B3B00C99CE1 /* Products */ = {
			isa = PBXGroup;
			children = (
				8A8BB1B31F629B3B00C99CE1 /* DelegateDemo.app */,
			);
			name = Products;
			sourceTree = "<group>";
		};
		8A8BB1B51F629B3B00C99CE1 /* DelegateDemo */ = {
			isa = PBXGroup;
			children = (
				8A8BB1B61F629B3B00C99CE1 /* AppDelegate.swift */,
				8A8BB1B81F629B3B00C99CE1 /* ViewController.swift */,
				8A8BB1C81F629B7700C99CE1 /* TableViewController.swift */,
				8A8BB1CA1F629DF000C99CE1 /* TablePageDelegate.swift */,
				8A8BB1BA1F629B3B00C99CE1 /* Main.storyboard */,
				8A8BB1BD1F629B3B00C99CE1 /* Assets.xcassets */,
				8A8BB1BF1F629B3B00C99CE1 /* LaunchScreen.storyboard */,
				8A8BB1C21F629B3B00C99CE1 /* Info.plist */,
			);
			path = DelegateDemo;
			sourceTree = "<group>";
		};
/* End PBXGroup section */

/* Begin PBXNativeTarget section */
		8A8BB1B21F629B3B00C99CE1 /* DelegateDemo */ = {
			isa = PBXNativeTarget;
			buildConfigurationList = 8A8BB1C51F629B3B00C99CE1 /* Build configuration list for PBXNativeTarget "DelegateDemo" */;
			buildPhases = (
				8A8BB1AF1F629B3B00C99CE1 /* Sources */,
				8A8BB1B01F629B3B00C99CE1 /* Frameworks */,
				8A8BB1B11F629B3B00C99CE1 /* Resources */,
			);
			buildRules = (
			);
			dependencies = (
			);
			name = DelegateDemo;
			productName = DelegateDemo;
			productReference = 8A8BB1B31F629B3B00C99CE1 /* DelegateDemo.app */;
			productType = "com.apple.product-type.application";
		};
/* End PBXNativeTarget section */

/* Begin PBXProject section */
		8A8BB1AB1F629B3B00C99CE1 /* Project object */ = {
			isa = PBXProject;
			attributes = {
				LastSwiftUpdateCheck = 0830;
				LastUpgradeCheck = 0830;
				ORGANIZATIONNAME = "Lori Wang";
				TargetAttributes = {
					8A8BB1B21F629B3B00C99CE1 = {
						CreatedOnToolsVersion = 8.3.3;
						DevelopmentTeam = Q3D628Q6W4;
						ProvisioningStyle = Automatic;
					};
				};
			};
			buildConfigurationList = 8A8BB1AE1F629B3B00C99CE1 /* Build configuration list for PBXProject "DelegateDemo" */;
			compatibilityVersion = "Xcode 3.2";
			developmentRegion = English;
			hasScannedForEncodings = 0;
			knownRegions = (
				en,
				Base,
			);
			mainGroup = 8A8BB1AA1F629B3B00C99CE1;
			productRefGroup = 8A8BB1B41F629B3B00C99CE1 /* Products */;
			projectDirPath = "";
			projectRoot = "";
			targets = (
				8A8BB1B21F629B3B00C99CE1 /* DelegateDemo */,
			);
		};
/* End PBXProject section */

/* Begin PBXResourcesBuildPhase section */
		8A8BB1B11F629B3B00C99CE1 /* Resources */ = {
			isa = PBXResourcesBuildPhase;
			buildActionMask = 2147483647;
			files = (
				8A8BB1C11F629B3B00C99CE1 /* LaunchScreen.storyboard in Resources */,
				8A8BB1BE1F629B3B00C99CE1 /* Assets.xcassets in Resources */,
				8A8BB1BC1F629B3B00C99CE1 /* Main.storyboard in Resources */,
			);
			runOnlyForDeploymentPostprocessing = 0;
		};
/* End PBXResourcesBuildPhase section */

/* Begin PBXSourcesBuildPhase section */
		8A8BB1AF1F629B3B00C99CE1 /* Sources */ = {
			isa = PBXSourcesBuildPhase;
			buildActionMask = 2147483647;
			files = (
				8A8BB1CB1F629DF000C99CE1 /* TablePageDelegate.swift in Sources */,
				8A8BB1B91F629B3B00C99CE1 /* ViewController.swift in Sources */,
				8A8BB1C91F629B7700C99CE1 /* TableViewController.swift in Sources */,
				8A8BB1B71F629B3B00C99CE1 /* AppDelegate.swift in Sources */,
			);
			runOnlyForDeploymentPostprocessing = 0;
		};
/* End PBXSourcesBuildPhase section */

/* Begin PBXVariantGroup section */
		8A8BB1BA1F629B3B00C99CE1 /* Main.storyboard */ = {
			isa = PBXVariantGroup;
			children = (
				8A8BB1BB1F629B3B00C99CE1 /* Base */,
			);
			name = Main.storyboard;
			sourceTree = "<group>";
		};
		8A8BB1BF1F629B3B00C99CE1 /* LaunchScreen.storyboard */ = {
			isa = PBXVariantGroup;
			children = (
				8A8BB1C01F629B3B00C99CE1 /* Base */,
			);
			name = LaunchScreen.storyboard;
			sourceTree = "<group>";
		};
/* End PBXVariantGroup section */

/* Begin XCBuildConfiguration section */
		8A8BB1C31F629B3B00C99CE1 /* Debug */ = {
			isa = XCBuildConfiguration;
			buildSettings = {
				ALWAYS_SEARCH_USER_PATHS = NO;
				CLANG_ANALYZER_NONNULL = YES;
				CLANG_ANALYZER_NUMBER_OBJECT_CONVERSION = YES_AGGRESSIVE;
				CLANG_CXX_LANGUAGE_STANDARD = "gnu++0x";
				CLANG_CXX_LIBRARY = "libc++";
				CLANG_ENABLE_MODULES = YES;
				CLANG_ENABLE_OBJC_ARC = YES;
				CLANG_WARN_BOOL_CONVERSION = YES;
				CLANG_WARN_CONSTANT_CONVERSION = YES;
				CLANG_WARN_DIRECT_OBJC_ISA_USAGE = YES_ERROR;
				CLANG_WARN_DOCUMENTATION_COMMENTS = YES;
				CLANG_WARN_EMPTY_BODY = YES;
				CLANG_WARN_ENUM_CONVERSION = YES;
				CLANG_WARN_INFINITE_RECURSION = YES;
				CLANG_WARN_INT_CONVERSION = YES;
				CLANG_WARN_OBJC_ROOT_CLASS = YES_ERROR;
				CLANG_WARN_SUSPICIOUS_MOVE = YES;
				CLANG_WARN_UNREACHABLE_CODE = YES;
				CLANG_WARN__DUPLICATE_METHOD_MATCH = YES;
				"CODE_SIGN_IDENTITY[sdk=iphoneos*]" = "iPhone Developer";
				COPY_PHASE_STRIP = NO;
				DEBUG_INFORMATION_FORMAT = dwarf;
				ENABLE_STRICT_OBJC_MSGSEND = YES;
				ENABLE_TESTABILITY = YES;
				GCC_C_LANGUAGE_STANDARD = gnu99;
				GCC_DYNAMIC_NO_PIC = NO;
				GCC_NO_COMMON_BLOCKS = YES;
				GCC_OPTIMIZATION_LEVEL = 0;
				GCC_PREPROCESSOR_DEFINITIONS = (
					"DEBUG=1",
					"$(inherited)",
				);
				GCC_WARN_64_TO_32_BIT_CONVERSION = YES;
				GCC_WARN_ABOUT_RETURN_TYPE = YES_ERROR;
				GCC_WARN_UNDECLARED_SELECTOR = YES;
				GCC_WARN_UNINITIALIZED_AUTOS = YES_AGGRESSIVE;
				GCC_WARN_UNUSED_FUNCTION = YES;
				GCC_WARN_UNUSED_VARIABLE = YES;
				IPHONEOS_DEPLOYMENT_TARGET = 10.0;
				MTL_ENABLE_DEBUG_INFO = YES;
				ONLY_ACTIVE_ARCH = YES;
				SDKROOT = iphoneos;
				SWIFT_ACTIVE_COMPILATION_CONDITIONS = DEBUG;
				SWIFT_OPTIMIZATION_LEVEL = "-Onone";
				TARGETED_DEVICE_FAMILY = "1,2";
			};
			name = Debug;
		};
		8A8BB1C41F629B3B00C99CE1 /* Release */ = {
			isa = XCBuildConfiguration;
			buildSettings = {
				ALWAYS_SEARCH_USER_PATHS = NO;
				CLANG_ANALYZER_NONNULL = YES;
				CLANG_ANALYZER_NUMBER_OBJECT_CONVERSION = YES_AGGRESSIVE;
				CLANG_CXX_LANGUAGE_STANDARD = "gnu++0x";
				CLANG_CXX_LIBRARY = "libc++";
				CLANG_ENABLE_MODULES = YES;
				CLANG_ENABLE_OBJC_ARC = YES;
				CLANG_WARN_BOOL_CONVERSION = YES;
				CLANG_WARN_CONSTANT_CONVERSION = YES;
				CLANG_WARN_DIRECT_OBJC_ISA_USAGE = YES_ERROR;
				CLANG_WARN_DOCUMENTATION_COMMENTS = YES;
				CLANG_WARN_EMPTY_BODY = YES;
				CLANG_WARN_ENUM_CONVERSION = YES;
				CLANG_WARN_INFINITE_RECURSION = YES;
				CLANG_WARN_INT_CONVERSION = YES;
				CLANG_WARN_OBJC_ROOT_CLASS = YES_ERROR;
				CLANG_WARN_SUSPICIOUS_MOVE = YES;
				CLANG_WARN_UNREACHABLE_CODE = YES;
				CLANG_WARN__DUPLICATE_METHOD_MATCH = YES;
				"CODE_SIGN_IDENTITY[sdk=iphoneos*]" = "iPhone Developer";
				COPY_PHASE_STRIP = NO;
				DEBUG_INFORMATION_FORMAT = "dwarf-with-dsym";
				ENABLE_NS_ASSERTIONS = NO;
				ENABLE_STRICT_OBJC_MSGSEND = YES;
				GCC_C_LANGUAGE_STANDARD = gnu99;
				GCC_NO_COMMON_BLOCKS = YES;
				GCC_WARN_64_TO_32_BIT_CONVERSION = YES;
				GCC_WARN_ABOUT_RETURN_TYPE = YES_ERROR;
				GCC_WARN_UNDECLARED_SELECTOR = YES;
				GCC_WARN_UNINITIALIZED_AUTOS = YES_AGGRESSIVE;
				GCC_WARN_UNUSED_FUNCTION = YES;
				GCC_WARN_UNUSED_VARIABLE = YES;
				IPHONEOS_DEPLOYMENT_TARGET = 10.0;
				MTL_ENABLE_DEBUG_INFO = NO;
				SDKROOT = iphoneos;
				SWIFT_OPTIMIZATION_LEVEL = "-Owholemodule";
				TARGETED_DEVICE_FAMILY = "1,2";
				VALIDATE_PRODUCT = YES;
			};
			name = Release;
		};
		8A8BB1C61F629B3B00C99CE1 /* Debug */ = {
			isa = XCBuildConfiguration;
			buildSettings = {
				ASSETCATALOG_COMPILER_APPICON_NAME = AppIcon;
				DEVELOPMENT_TEAM = Q3D628Q6W4;
				INFOPLIST_FILE = DelegateDemo/Info.plist;
				LD_RUNPATH_SEARCH_PATHS = "$(inherited) @executable_path/Frameworks";
				PRODUCT_BUNDLE_IDENTIFIER = com.lori.demo.DelegateDemo;
				PRODUCT_NAME = "$(TARGET_NAME)";
				SWIFT_VERSION = 3.0;
			};
			name = Debug;
		};
		8A8BB1C71F629B3B00C99CE1 /* Release */ = {
			isa = XCBuildConfiguration;
			buildSettings = {
				ASSETCATALOG_COMPILER_APPICON_NAME = AppIcon;
				DEVELOPMENT_TEAM = Q3D628Q6W4;
				INFOPLIST_FILE = DelegateDemo/Info.plist;
				LD_RUNPATH_SEARCH_PATHS = "$(inherited) @executable_path/Frameworks";
				PRODUCT_BUNDLE_IDENTIFIER = com.lori.demo.DelegateDemo;
				PRODUCT_NAME = "$(TARGET_NAME)";
				SWIFT_VERSION = 3.0;
			};
			name = Release;
		};
/* End XCBuildConfiguration section */

/* Begin XCConfigurationList section */
		8A8BB1AE1F629B3B00C99CE1 /* Build configuration list for PBXProject "DelegateDemo" */ = {
			isa = XCConfigurationList;
			buildConfigurations = (
				8A8BB1C31F629B3B00C99CE1 /* Debug */,
				8A8BB1C41F629B3B00C99CE1 /* Release */,
			);
			defaultConfigurationIsVisible = 0;
			defaultConfigurationName = Release;
		};
		8A8BB1C51F629B3B00C99CE1 /* Build configuration list for PBXNativeTarget "DelegateDemo" */ = {
			isa = XCConfigurationList;
			buildConfigurations = (
				8A8BB1C61F629B3B00C99CE1 /* Debug */,
				8A8BB1C71F629B3B00C99CE1 /* Release */,
			);
			defaultConfigurationIsVisible = 0;
			defaultConfigurationName = Release;
		};
/* End XCConfigurationList section */
	};
	rootObject = 8A8BB1AB1F629B3B00C99CE1 /* Project object */;
}
